// !$*UTF8*$!
{
	archiveVersion = 1;
	classes = {
	};
	objectVersion = 55;
	objects = {

/* Begin PBXBuildFile section */
		7667224B28B035730049A3AC /* HTTPClient.swift in Sources */ = {isa = PBXBuildFile; fileRef = 7667224A28B035730049A3AC /* HTTPClient.swift */; };
		7667224D28B035A10049A3AC /* FeedItemsMapper.swift in Sources */ = {isa = PBXBuildFile; fileRef = 7667224C28B035A10049A3AC /* FeedItemsMapper.swift */; };
		7667225028B04A960049A3AC /* URLSessionHTTPClientTests.swift in Sources */ = {isa = PBXBuildFile; fileRef = 7667224F28B04A960049A3AC /* URLSessionHTTPClientTests.swift */; };
		7667225528B57E8D0049A3AC /* XCTestCase+MemoryLeakHelper.swift in Sources */ = {isa = PBXBuildFile; fileRef = 7667225428B57E8D0049A3AC /* XCTestCase+MemoryLeakHelper.swift */; };
		7667225D28B6D8C80049A3AC /* EssentialFeedAPIEndToEndTests.swift in Sources */ = {isa = PBXBuildFile; fileRef = 7667225C28B6D8C80049A3AC /* EssentialFeedAPIEndToEndTests.swift */; };
		7667225E28B6D8C80049A3AC /* EssentialFeed.framework in Frameworks */ = {isa = PBXBuildFile; fileRef = 76B15CB228A1B69100875B78 /* EssentialFeed.framework */; };
		7667226928B939B70049A3AC /* XCTestCase+MemoryLeakHelper.swift in Sources */ = {isa = PBXBuildFile; fileRef = 7667225428B57E8D0049A3AC /* XCTestCase+MemoryLeakHelper.swift */; };
		76B15CBD28A1B69200875B78 /* EssentialFeed.framework in Frameworks */ = {isa = PBXBuildFile; fileRef = 76B15CB228A1B69100875B78 /* EssentialFeed.framework */; };
		76B15CCD28A1B6F500875B78 /* FeedItem.swift in Sources */ = {isa = PBXBuildFile; fileRef = 76B15CCC28A1B6F500875B78 /* FeedItem.swift */; };
		76B15CCF28A1B75900875B78 /* FeedLoader.swift in Sources */ = {isa = PBXBuildFile; fileRef = 76B15CCE28A1B75900875B78 /* FeedLoader.swift */; };
		76B15CD428A6E0F100875B78 /* RemoteFeedLoaderTests.swift in Sources */ = {isa = PBXBuildFile; fileRef = 76B15CD328A6E0F100875B78 /* RemoteFeedLoaderTests.swift */; };
		76B15CD728A7264A00875B78 /* RemoteFeedLoader.swift in Sources */ = {isa = PBXBuildFile; fileRef = 76B15CD628A7264A00875B78 /* RemoteFeedLoader.swift */; };
/* End PBXBuildFile section */

/* Begin PBXContainerItemProxy section */
		7667225F28B6D8C80049A3AC /* PBXContainerItemProxy */ = {
			isa = PBXContainerItemProxy;
			containerPortal = 76B15CA928A1B69100875B78 /* Project object */;
			proxyType = 1;
			remoteGlobalIDString = 76B15CB128A1B69100875B78;
			remoteInfo = EssentialFeed;
		};
		76B15CBE28A1B69200875B78 /* PBXContainerItemProxy */ = {
			isa = PBXContainerItemProxy;
			containerPortal = 76B15CA928A1B69100875B78 /* Project object */;
			proxyType = 1;
			remoteGlobalIDString = 76B15CB128A1B69100875B78;
			remoteInfo = EssentialFeed;
		};
/* End PBXContainerItemProxy section */

/* Begin PBXFileReference section */
		7667224A28B035730049A3AC /* HTTPClient.swift */ = {isa = PBXFileReference; lastKnownFileType = sourcecode.swift; path = HTTPClient.swift; sourceTree = "<group>"; };
		7667224C28B035A10049A3AC /* FeedItemsMapper.swift */ = {isa = PBXFileReference; lastKnownFileType = sourcecode.swift; path = FeedItemsMapper.swift; sourceTree = "<group>"; };
		7667224F28B04A960049A3AC /* URLSessionHTTPClientTests.swift */ = {isa = PBXFileReference; lastKnownFileType = sourcecode.swift; path = URLSessionHTTPClientTests.swift; sourceTree = "<group>"; };
		7667225428B57E8D0049A3AC /* XCTestCase+MemoryLeakHelper.swift */ = {isa = PBXFileReference; fileEncoding = 4; lastKnownFileType = sourcecode.swift; path = "XCTestCase+MemoryLeakHelper.swift"; sourceTree = "<group>"; };
		7667225A28B6D8C80049A3AC /* EssentialFeedAPIEndToEndTests.xctest */ = {isa = PBXFileReference; explicitFileType = wrapper.cfbundle; includeInIndex = 0; path = EssentialFeedAPIEndToEndTests.xctest; sourceTree = BUILT_PRODUCTS_DIR; };
		7667225C28B6D8C80049A3AC /* EssentialFeedAPIEndToEndTests.swift */ = {isa = PBXFileReference; lastKnownFileType = sourcecode.swift; path = EssentialFeedAPIEndToEndTests.swift; sourceTree = "<group>"; };
		76B15CB228A1B69100875B78 /* EssentialFeed.framework */ = {isa = PBXFileReference; explicitFileType = wrapper.framework; includeInIndex = 0; path = EssentialFeed.framework; sourceTree = BUILT_PRODUCTS_DIR; };
		76B15CBC28A1B69200875B78 /* EssentialFeedTests.xctest */ = {isa = PBXFileReference; explicitFileType = wrapper.cfbundle; includeInIndex = 0; path = EssentialFeedTests.xctest; sourceTree = BUILT_PRODUCTS_DIR; };
		76B15CCC28A1B6F500875B78 /* FeedItem.swift */ = {isa = PBXFileReference; lastKnownFileType = sourcecode.swift; path = FeedItem.swift; sourceTree = "<group>"; };
		76B15CCE28A1B75900875B78 /* FeedLoader.swift */ = {isa = PBXFileReference; lastKnownFileType = sourcecode.swift; path = FeedLoader.swift; sourceTree = "<group>"; };
		76B15CD328A6E0F100875B78 /* RemoteFeedLoaderTests.swift */ = {isa = PBXFileReference; lastKnownFileType = sourcecode.swift; path = RemoteFeedLoaderTests.swift; sourceTree = "<group>"; };
		76B15CD628A7264A00875B78 /* RemoteFeedLoader.swift */ = {isa = PBXFileReference; lastKnownFileType = sourcecode.swift; path = RemoteFeedLoader.swift; sourceTree = "<group>"; };
/* End PBXFileReference section */

/* Begin PBXFrameworksBuildPhase section */
		7667225728B6D8C80049A3AC /* Frameworks */ = {
			isa = PBXFrameworksBuildPhase;
			buildActionMask = 2147483647;
			files = (
				7667225E28B6D8C80049A3AC /* EssentialFeed.framework in Frameworks */,
			);
			runOnlyForDeploymentPostprocessing = 0;
		};
		76B15CAF28A1B69100875B78 /* Frameworks */ = {
			isa = PBXFrameworksBuildPhase;
			buildActionMask = 2147483647;
			files = (
			);
			runOnlyForDeploymentPostprocessing = 0;
		};
		76B15CB928A1B69200875B78 /* Frameworks */ = {
			isa = PBXFrameworksBuildPhase;
			buildActionMask = 2147483647;
			files = (
				76B15CBD28A1B69200875B78 /* EssentialFeed.framework in Frameworks */,
			);
			runOnlyForDeploymentPostprocessing = 0;
		};
/* End PBXFrameworksBuildPhase section */

/* Begin PBXGroup section */
		7667224E28B03B6B0049A3AC /* Feed API */ = {
			isa = PBXGroup;
			children = (
				76B15CD328A6E0F100875B78 /* RemoteFeedLoaderTests.swift */,
				7667224F28B04A960049A3AC /* URLSessionHTTPClientTests.swift */,
			);
			path = "Feed API";
			sourceTree = "<group>";
		};
		7667225128B57E0D0049A3AC /* Helpers */ = {
			isa = PBXGroup;
			children = (
				7667225428B57E8D0049A3AC /* XCTestCase+MemoryLeakHelper.swift */,
			);
			path = Helpers;
			sourceTree = "<group>";
		};
		7667225B28B6D8C80049A3AC /* EssentialFeedAPIEndToEndTests */ = {
			isa = PBXGroup;
			children = (
				7667225C28B6D8C80049A3AC /* EssentialFeedAPIEndToEndTests.swift */,
			);
			path = EssentialFeedAPIEndToEndTests;
			sourceTree = "<group>";
		};
		76B15CA828A1B69100875B78 = {
			isa = PBXGroup;
			children = (
				76B15CB428A1B69100875B78 /* EssentialFeed */,
				76B15CC028A1B69200875B78 /* EssentialFeedTests */,
				7667225B28B6D8C80049A3AC /* EssentialFeedAPIEndToEndTests */,
				76B15CB328A1B69100875B78 /* Products */,
			);
			sourceTree = "<group>";
		};
		76B15CB328A1B69100875B78 /* Products */ = {
			isa = PBXGroup;
			children = (
				76B15CB228A1B69100875B78 /* EssentialFeed.framework */,
				76B15CBC28A1B69200875B78 /* EssentialFeedTests.xctest */,
				7667225A28B6D8C80049A3AC /* EssentialFeedAPIEndToEndTests.xctest */,
			);
			name = Products;
			sourceTree = "<group>";
		};
		76B15CB428A1B69100875B78 /* EssentialFeed */ = {
			isa = PBXGroup;
			children = (
				76B15CD528A7263E00875B78 /* Feed API */,
				76B15CD228A6DD4000875B78 /* Feed Feature */,
			);
			path = EssentialFeed;
			sourceTree = "<group>";
		};
		76B15CC028A1B69200875B78 /* EssentialFeedTests */ = {
			isa = PBXGroup;
			children = (
				7667225128B57E0D0049A3AC /* Helpers */,
				7667224E28B03B6B0049A3AC /* Feed API */,
			);
			path = EssentialFeedTests;
			sourceTree = "<group>";
		};
		76B15CD228A6DD4000875B78 /* Feed Feature */ = {
			isa = PBXGroup;
			children = (
				76B15CCC28A1B6F500875B78 /* FeedItem.swift */,
				76B15CCE28A1B75900875B78 /* FeedLoader.swift */,
			);
			path = "Feed Feature";
			sourceTree = "<group>";
		};
		76B15CD528A7263E00875B78 /* Feed API */ = {
			isa = PBXGroup;
			children = (
				76B15CD628A7264A00875B78 /* RemoteFeedLoader.swift */,
				7667224A28B035730049A3AC /* HTTPClient.swift */,
				7667224C28B035A10049A3AC /* FeedItemsMapper.swift */,
			);
			path = "Feed API";
			sourceTree = "<group>";
		};
/* End PBXGroup section */

/* Begin PBXHeadersBuildPhase section */
		76B15CAD28A1B69100875B78 /* Headers */ = {
			isa = PBXHeadersBuildPhase;
			buildActionMask = 2147483647;
			files = (
			);
			runOnlyForDeploymentPostprocessing = 0;
		};
/* End PBXHeadersBuildPhase section */

/* Begin PBXNativeTarget section */
		7667225928B6D8C80049A3AC /* EssentialFeedAPIEndToEndTests */ = {
			isa = PBXNativeTarget;
			buildConfigurationList = 7667226128B6D8C80049A3AC /* Build configuration list for PBXNativeTarget "EssentialFeedAPIEndToEndTests" */;
			buildPhases = (
				7667225628B6D8C80049A3AC /* Sources */,
				7667225728B6D8C80049A3AC /* Frameworks */,
				7667225828B6D8C80049A3AC /* Resources */,
			);
			buildRules = (
			);
			dependencies = (
				7667226028B6D8C80049A3AC /* PBXTargetDependency */,
			);
			name = EssentialFeedAPIEndToEndTests;
			productName = EssentialFeedAPIEndToEndTests;
			productReference = 7667225A28B6D8C80049A3AC /* EssentialFeedAPIEndToEndTests.xctest */;
			productType = "com.apple.product-type.bundle.unit-test";
		};
		76B15CB128A1B69100875B78 /* EssentialFeed */ = {
			isa = PBXNativeTarget;
			buildConfigurationList = 76B15CC628A1B69200875B78 /* Build configuration list for PBXNativeTarget "EssentialFeed" */;
			buildPhases = (
				76B15CAD28A1B69100875B78 /* Headers */,
				76B15CAE28A1B69100875B78 /* Sources */,
				76B15CAF28A1B69100875B78 /* Frameworks */,
				76B15CB028A1B69100875B78 /* Resources */,
			);
			buildRules = (
			);
			dependencies = (
			);
			name = EssentialFeed;
			productName = EssentialFeed;
			productReference = 76B15CB228A1B69100875B78 /* EssentialFeed.framework */;
			productType = "com.apple.product-type.framework";
		};
		76B15CBB28A1B69200875B78 /* EssentialFeedTests */ = {
			isa = PBXNativeTarget;
			buildConfigurationList = 76B15CC928A1B69200875B78 /* Build configuration list for PBXNativeTarget "EssentialFeedTests" */;
			buildPhases = (
				76B15CB828A1B69200875B78 /* Sources */,
				76B15CB928A1B69200875B78 /* Frameworks */,
				76B15CBA28A1B69200875B78 /* Resources */,
			);
			buildRules = (
			);
			dependencies = (
				76B15CBF28A1B69200875B78 /* PBXTargetDependency */,
			);
			name = EssentialFeedTests;
			productName = EssentialFeedTests;
			productReference = 76B15CBC28A1B69200875B78 /* EssentialFeedTests.xctest */;
			productType = "com.apple.product-type.bundle.unit-test";
		};
/* End PBXNativeTarget section */

/* Begin PBXProject section */
		76B15CA928A1B69100875B78 /* Project object */ = {
			isa = PBXProject;
			attributes = {
				BuildIndependentTargetsInParallel = 1;
				LastSwiftUpdateCheck = 1340;
				LastUpgradeCheck = 1340;
				TargetAttributes = {
					7667225928B6D8C80049A3AC = {
						CreatedOnToolsVersion = 13.4;
					};
					76B15CB128A1B69100875B78 = {
						CreatedOnToolsVersion = 13.4;
					};
					76B15CBB28A1B69200875B78 = {
						CreatedOnToolsVersion = 13.4;
					};
				};
			};
			buildConfigurationList = 76B15CAC28A1B69100875B78 /* Build configuration list for PBXProject "EssentialFeed" */;
			compatibilityVersion = "Xcode 13.0";
			developmentRegion = en;
			hasScannedForEncodings = 0;
			knownRegions = (
				en,
				Base,
			);
			mainGroup = 76B15CA828A1B69100875B78;
			productRefGroup = 76B15CB328A1B69100875B78 /* Products */;
			projectDirPath = "";
			projectRoot = "";
			targets = (
				76B15CB128A1B69100875B78 /* EssentialFeed */,
				76B15CBB28A1B69200875B78 /* EssentialFeedTests */,
				7667225928B6D8C80049A3AC /* EssentialFeedAPIEndToEndTests */,
			);
		};
/* End PBXProject section */

/* Begin PBXResourcesBuildPhase section */
		7667225828B6D8C80049A3AC /* Resources */ = {
			isa = PBXResourcesBuildPhase;
			buildActionMask = 2147483647;
			files = (
			);
			runOnlyForDeploymentPostprocessing = 0;
		};
		76B15CB028A1B69100875B78 /* Resources */ = {
			isa = PBXResourcesBuildPhase;
			buildActionMask = 2147483647;
			files = (
			);
			runOnlyForDeploymentPostprocessing = 0;
		};
		76B15CBA28A1B69200875B78 /* Resources */ = {
			isa = PBXResourcesBuildPhase;
			buildActionMask = 2147483647;
			files = (
			);
			runOnlyForDeploymentPostprocessing = 0;
		};
/* End PBXResourcesBuildPhase section */

/* Begin PBXSourcesBuildPhase section */
		7667225628B6D8C80049A3AC /* Sources */ = {
			isa = PBXSourcesBuildPhase;
			buildActionMask = 2147483647;
			files = (
				7667226928B939B70049A3AC /* XCTestCase+MemoryLeakHelper.swift in Sources */,
				7667225D28B6D8C80049A3AC /* EssentialFeedAPIEndToEndTests.swift in Sources */,
			);
			runOnlyForDeploymentPostprocessing = 0;
		};
		76B15CAE28A1B69100875B78 /* Sources */ = {
			isa = PBXSourcesBuildPhase;
			buildActionMask = 2147483647;
			files = (
				7667224D28B035A10049A3AC /* FeedItemsMapper.swift in Sources */,
				76B15CCF28A1B75900875B78 /* FeedLoader.swift in Sources */,
				76B15CD728A7264A00875B78 /* RemoteFeedLoader.swift in Sources */,
				7667224B28B035730049A3AC /* HTTPClient.swift in Sources */,
				76B15CCD28A1B6F500875B78 /* FeedItem.swift in Sources */,
			);
			runOnlyForDeploymentPostprocessing = 0;
		};
		76B15CB828A1B69200875B78 /* Sources */ = {
			isa = PBXSourcesBuildPhase;
			buildActionMask = 2147483647;
			files = (
				7667225528B57E8D0049A3AC /* XCTestCase+MemoryLeakHelper.swift in Sources */,
				76B15CD428A6E0F100875B78 /* RemoteFeedLoaderTests.swift in Sources */,
				7667225028B04A960049A3AC /* URLSessionHTTPClientTests.swift in Sources */,
			);
			runOnlyForDeploymentPostprocessing = 0;
		};
/* End PBXSourcesBuildPhase section */

/* Begin PBXTargetDependency section */
		7667226028B6D8C80049A3AC /* PBXTargetDependency */ = {
			isa = PBXTargetDependency;
			target = 76B15CB128A1B69100875B78 /* EssentialFeed */;
			targetProxy = 7667225F28B6D8C80049A3AC /* PBXContainerItemProxy */;
		};
		76B15CBF28A1B69200875B78 /* PBXTargetDependency */ = {
			isa = PBXTargetDependency;
			target = 76B15CB128A1B69100875B78 /* EssentialFeed */;
			targetProxy = 76B15CBE28A1B69200875B78 /* PBXContainerItemProxy */;
		};
/* End PBXTargetDependency section */

/* Begin XCBuildConfiguration section */
		7667226228B6D8C80049A3AC /* Debug */ = {
			isa = XCBuildConfiguration;
			buildSettings = {
				CODE_SIGN_STYLE = Automatic;
				CURRENT_PROJECT_VERSION = 1;
				GENERATE_INFOPLIST_FILE = YES;
				MARKETING_VERSION = 1.0;
				PRODUCT_BUNDLE_IDENTIFIER = com.learniOS.EssentialFeedAPIEndToEndTests;
				PRODUCT_NAME = "$(TARGET_NAME)";
				SWIFT_EMIT_LOC_STRINGS = NO;
				SWIFT_VERSION = 5.0;
			};
			name = Debug;
		};
		7667226328B6D8C80049A3AC /* Release */ = {
			isa = XCBuildConfiguration;
			buildSettings = {
				CODE_SIGN_STYLE = Automatic;
				CURRENT_PROJECT_VERSION = 1;
				GENERATE_INFOPLIST_FILE = YES;
				MARKETING_VERSION = 1.0;
				PRODUCT_BUNDLE_IDENTIFIER = com.learniOS.EssentialFeedAPIEndToEndTests;
				PRODUCT_NAME = "$(TARGET_NAME)";
				SWIFT_EMIT_LOC_STRINGS = NO;
				SWIFT_VERSION = 5.0;
			};
			name = Release;
		};
		76B15CC428A1B69200875B78 /* Debug */ = {
			isa = XCBuildConfiguration;
			buildSettings = {
				ALWAYS_SEARCH_USER_PATHS = NO;
				CLANG_ANALYZER_NONNULL = YES;
				CLANG_ANALYZER_NUMBER_OBJECT_CONVERSION = YES_AGGRESSIVE;
				CLANG_CXX_LANGUAGE_STANDARD = "gnu++17";
				CLANG_ENABLE_MODULES = YES;
				CLANG_ENABLE_OBJC_ARC = YES;
				CLANG_ENABLE_OBJC_WEAK = YES;
				CLANG_WARN_BLOCK_CAPTURE_AUTORELEASING = YES;
				CLANG_WARN_BOOL_CONVERSION = YES;
				CLANG_WARN_COMMA = YES;
				CLANG_WARN_CONSTANT_CONVERSION = YES;
				CLANG_WARN_DEPRECATED_OBJC_IMPLEMENTATIONS = YES;
				CLANG_WARN_DIRECT_OBJC_ISA_USAGE = YES_ERROR;
				CLANG_WARN_DOCUMENTATION_COMMENTS = YES;
				CLANG_WARN_EMPTY_BODY = YES;
				CLANG_WARN_ENUM_CONVERSION = YES;
				CLANG_WARN_INFINITE_RECURSION = YES;
				CLANG_WARN_INT_CONVERSION = YES;
				CLANG_WARN_NON_LITERAL_NULL_CONVERSION = YES;
				CLANG_WARN_OBJC_IMPLICIT_RETAIN_SELF = YES;
				CLANG_WARN_OBJC_LITERAL_CONVERSION = YES;
				CLANG_WARN_OBJC_ROOT_CLASS = YES_ERROR;
				CLANG_WARN_QUOTED_INCLUDE_IN_FRAMEWORK_HEADER = YES;
				CLANG_WARN_RANGE_LOOP_ANALYSIS = YES;
				CLANG_WARN_STRICT_PROTOTYPES = YES;
				CLANG_WARN_SUSPICIOUS_MOVE = YES;
				CLANG_WARN_UNGUARDED_AVAILABILITY = YES_AGGRESSIVE;
				CLANG_WARN_UNREACHABLE_CODE = YES;
				CLANG_WARN__DUPLICATE_METHOD_MATCH = YES;
				COPY_PHASE_STRIP = NO;
				CURRENT_PROJECT_VERSION = 1;
				DEBUG_INFORMATION_FORMAT = dwarf;
				ENABLE_STRICT_OBJC_MSGSEND = YES;
				ENABLE_TESTABILITY = YES;
				GCC_C_LANGUAGE_STANDARD = gnu11;
				GCC_DYNAMIC_NO_PIC = NO;
				GCC_NO_COMMON_BLOCKS = YES;
				GCC_OPTIMIZATION_LEVEL = 0;
				GCC_PREPROCESSOR_DEFINITIONS = (
					"DEBUG=1",
					"$(inherited)",
				);
				GCC_WARN_64_TO_32_BIT_CONVERSION = YES;
				GCC_WARN_ABOUT_RETURN_TYPE = YES_ERROR;
				GCC_WARN_UNDECLARED_SELECTOR = YES;
				GCC_WARN_UNINITIALIZED_AUTOS = YES_AGGRESSIVE;
				GCC_WARN_UNUSED_FUNCTION = YES;
				GCC_WARN_UNUSED_VARIABLE = YES;
				MACOSX_DEPLOYMENT_TARGET = 12.3;
				MTL_ENABLE_DEBUG_INFO = INCLUDE_SOURCE;
				MTL_FAST_MATH = YES;
				ONLY_ACTIVE_ARCH = YES;
				SDKROOT = macosx;
				SWIFT_ACTIVE_COMPILATION_CONDITIONS = DEBUG;
				SWIFT_OPTIMIZATION_LEVEL = "-Onone";
				VERSIONING_SYSTEM = "apple-generic";
				VERSION_INFO_PREFIX = "";
			};
			name = Debug;
		};
		76B15CC528A1B69200875B78 /* Release */ = {
			isa = XCBuildConfiguration;
			buildSettings = {
				ALWAYS_SEARCH_USER_PATHS = NO;
				CLANG_ANALYZER_NONNULL = YES;
				CLANG_ANALYZER_NUMBER_OBJECT_CONVERSION = YES_AGGRESSIVE;
				CLANG_CXX_LANGUAGE_STANDARD = "gnu++17";
				CLANG_ENABLE_MODULES = YES;
				CLANG_ENABLE_OBJC_ARC = YES;
				CLANG_ENABLE_OBJC_WEAK = YES;
				CLANG_WARN_BLOCK_CAPTURE_AUTORELEASING = YES;
				CLANG_WARN_BOOL_CONVERSION = YES;
				CLANG_WARN_COMMA = YES;
				CLANG_WARN_CONSTANT_CONVERSION = YES;
				CLANG_WARN_DEPRECATED_OBJC_IMPLEMENTATIONS = YES;
				CLANG_WARN_DIRECT_OBJC_ISA_USAGE = YES_ERROR;
				CLANG_WARN_DOCUMENTATION_COMMENTS = YES;
				CLANG_WARN_EMPTY_BODY = YES;
				CLANG_WARN_ENUM_CONVERSION = YES;
				CLANG_WARN_INFINITE_RECURSION = YES;
				CLANG_WARN_INT_CONVERSION = YES;
				CLANG_WARN_NON_LITERAL_NULL_CONVERSION = YES;
				CLANG_WARN_OBJC_IMPLICIT_RETAIN_SELF = YES;
				CLANG_WARN_OBJC_LITERAL_CONVERSION = YES;
				CLANG_WARN_OBJC_ROOT_CLASS = YES_ERROR;
				CLANG_WARN_QUOTED_INCLUDE_IN_FRAMEWORK_HEADER = YES;
				CLANG_WARN_RANGE_LOOP_ANALYSIS = YES;
				CLANG_WARN_STRICT_PROTOTYPES = YES;
				CLANG_WARN_SUSPICIOUS_MOVE = YES;
				CLANG_WARN_UNGUARDED_AVAILABILITY = YES_AGGRESSIVE;
				CLANG_WARN_UNREACHABLE_CODE = YES;
				CLANG_WARN__DUPLICATE_METHOD_MATCH = YES;
				COPY_PHASE_STRIP = NO;
				CURRENT_PROJECT_VERSION = 1;
				DEBUG_INFORMATION_FORMAT = "dwarf-with-dsym";
				ENABLE_NS_ASSERTIONS = NO;
				ENABLE_STRICT_OBJC_MSGSEND = YES;
				GCC_C_LANGUAGE_STANDARD = gnu11;
				GCC_NO_COMMON_BLOCKS = YES;
				GCC_WARN_64_TO_32_BIT_CONVERSION = YES;
				GCC_WARN_ABOUT_RETURN_TYPE = YES_ERROR;
				GCC_WARN_UNDECLARED_SELECTOR = YES;
				GCC_WARN_UNINITIALIZED_AUTOS = YES_AGGRESSIVE;
				GCC_WARN_UNUSED_FUNCTION = YES;
				GCC_WARN_UNUSED_VARIABLE = YES;
				MACOSX_DEPLOYMENT_TARGET = 12.3;
				MTL_ENABLE_DEBUG_INFO = NO;
				MTL_FAST_MATH = YES;
				SDKROOT = macosx;
				SWIFT_COMPILATION_MODE = wholemodule;
				SWIFT_OPTIMIZATION_LEVEL = "-O";
				VERSIONING_SYSTEM = "apple-generic";
				VERSION_INFO_PREFIX = "";
			};
			name = Release;
		};
		76B15CC728A1B69200875B78 /* Debug */ = {
			isa = XCBuildConfiguration;
			buildSettings = {
				CODE_SIGN_STYLE = Automatic;
				COMBINE_HIDPI_IMAGES = YES;
				CURRENT_PROJECT_VERSION = 1;
				DEFINES_MODULE = YES;
				DYLIB_COMPATIBILITY_VERSION = 1;
				DYLIB_CURRENT_VERSION = 1;
				DYLIB_INSTALL_NAME_BASE = "@rpath";
				GENERATE_INFOPLIST_FILE = YES;
				INFOPLIST_KEY_NSHumanReadableCopyright = "";
				INSTALL_PATH = "$(LOCAL_LIBRARY_DIR)/Frameworks";
				LD_RUNPATH_SEARCH_PATHS = (
					"$(inherited)",
					"@executable_path/../Frameworks",
					"@loader_path/Frameworks",
				);
				MARKETING_VERSION = 1.0;
				PRODUCT_BUNDLE_IDENTIFIER = com.learniOS.EssentialFeed;
				PRODUCT_NAME = "$(TARGET_NAME:c99extidentifier)";
				SKIP_INSTALL = YES;
				SWIFT_EMIT_LOC_STRINGS = YES;
				SWIFT_VERSION = 5.0;
			};
			name = Debug;
		};
		76B15CC828A1B69200875B78 /* Release */ = {
			isa = XCBuildConfiguration;
			buildSettings = {
				CODE_SIGN_STYLE = Automatic;
				COMBINE_HIDPI_IMAGES = YES;
				CURRENT_PROJECT_VERSION = 1;
				DEFINES_MODULE = YES;
				DYLIB_COMPATIBILITY_VERSION = 1;
				DYLIB_CURRENT_VERSION = 1;
				DYLIB_INSTALL_NAME_BASE = "@rpath";
				GENERATE_INFOPLIST_FILE = YES;
				INFOPLIST_KEY_NSHumanReadableCopyright = "";
				INSTALL_PATH = "$(LOCAL_LIBRARY_DIR)/Frameworks";
				LD_RUNPATH_SEARCH_PATHS = (
					"$(inherited)",
					"@executable_path/../Frameworks",
					"@loader_path/Frameworks",
				);
				MARKETING_VERSION = 1.0;
				PRODUCT_BUNDLE_IDENTIFIER = com.learniOS.EssentialFeed;
				PRODUCT_NAME = "$(TARGET_NAME:c99extidentifier)";
				SKIP_INSTALL = YES;
				SWIFT_EMIT_LOC_STRINGS = YES;
				SWIFT_VERSION = 5.0;
			};
			name = Release;
		};
		76B15CCA28A1B69200875B78 /* Debug */ = {
			isa = XCBuildConfiguration;
			buildSettings = {
				ALWAYS_EMBED_SWIFT_STANDARD_LIBRARIES = YES;
				CODE_SIGN_STYLE = Automatic;
				CURRENT_PROJECT_VERSION = 1;
				GENERATE_INFOPLIST_FILE = YES;
				MARKETING_VERSION = 1.0;
				PRODUCT_BUNDLE_IDENTIFIER = com.learniOS.EssentialFeedTests;
				PRODUCT_NAME = "$(TARGET_NAME)";
				SWIFT_EMIT_LOC_STRINGS = NO;
				SWIFT_VERSION = 5.0;
			};
			name = Debug;
		};
		76B15CCB28A1B69200875B78 /* Release */ = {
			isa = XCBuildConfiguration;
			buildSettings = {
				ALWAYS_EMBED_SWIFT_STANDARD_LIBRARIES = YES;
				CODE_SIGN_STYLE = Automatic;
				CURRENT_PROJECT_VERSION = 1;
				GENERATE_INFOPLIST_FILE = YES;
				MARKETING_VERSION = 1.0;
				PRODUCT_BUNDLE_IDENTIFIER = com.learniOS.EssentialFeedTests;
				PRODUCT_NAME = "$(TARGET_NAME)";
				SWIFT_EMIT_LOC_STRINGS = NO;
				SWIFT_VERSION = 5.0;
			};
			name = Release;
		};
/* End XCBuildConfiguration section */

/* Begin XCConfigurationList section */
		7667226128B6D8C80049A3AC /* Build configuration list for PBXNativeTarget "EssentialFeedAPIEndToEndTests" */ = {
			isa = XCConfigurationList;
			buildConfigurations = (
				7667226228B6D8C80049A3AC /* Debug */,
				7667226328B6D8C80049A3AC /* Release */,
			);
			defaultConfigurationIsVisible = 0;
			defaultConfigurationName = Release;
		};
		76B15CAC28A1B69100875B78 /* Build configuration list for PBXProject "EssentialFeed" */ = {
			isa = XCConfigurationList;
			buildConfigurations = (
				76B15CC428A1B69200875B78 /* Debug */,
				76B15CC528A1B69200875B78 /* Release */,
			);
			defaultConfigurationIsVisible = 0;
			defaultConfigurationName = Release;
		};
		76B15CC628A1B69200875B78 /* Build configuration list for PBXNativeTarget "EssentialFeed" */ = {
			isa = XCConfigurationList;
			buildConfigurations = (
				76B15CC728A1B69200875B78 /* Debug */,
				76B15CC828A1B69200875B78 /* Release */,
			);
			defaultConfigurationIsVisible = 0;
			defaultConfigurationName = Release;
		};
		76B15CC928A1B69200875B78 /* Build configuration list for PBXNativeTarget "EssentialFeedTests" */ = {
			isa = XCConfigurationList;
			buildConfigurations = (
				76B15CCA28A1B69200875B78 /* Debug */,
				76B15CCB28A1B69200875B78 /* Release */,
			);
			defaultConfigurationIsVisible = 0;
			defaultConfigurationName = Release;
		};
/* End XCConfigurationList section */
	};
	rootObject = 76B15CA928A1B69100875B78 /* Project object */;
}
